
Microsoft Visual Studio Solution File, Format Version 12.00
# Visual Studio Version 17
VisualStudioVersion = 17.6.33723.286
MinimumVisualStudioVersion = 10.0.40219.1
Project("{FAE04EC0-301F-11D3-BF4B-00C04F79EFBC}") = "IoC_sample", "IoC_sample.csproj", "{4B90912A-E54A-4EA2-AB25-BF557591BC89}"
EndProject
Global
	GlobalSection(SolutionConfigurationPlatforms) = preSolution
		Debug|Any CPU = Debug|Any CPU
		Release|Any CPU = Release|Any CPU
	EndGlobalSection
	GlobalSection(ProjectConfigurationPlatforms) = postSolution
		{4B90912A-E54A-4EA2-AB25-BF557591BC89}.Debug|Any CPU.ActiveCfg = Debug|Any CPU
		{4B90912A-E54A-4EA2-AB25-BF557591BC89}.Debug|Any CPU.Build.0 = Debug|Any CPU
		{4B90912A-E54A-4EA2-AB25-BF557591BC89}.Release|Any CPU.ActiveCfg = Release|Any CPU
		{4B90912A-E54A-4EA2-AB25-BF557591BC89}.Release|Any CPU.Build.0 = Release|Any CPU
	EndGlobalSection
	GlobalSection(SolutionProperties) = preSolution
		HideSolutionNode = FALSE
	EndGlobalSection
	GlobalSection(ExtensibilityGlobals) = postSolution
		SolutionGuid = {8DC40128-DE1B-4DA4-9D23-18E107763AE9}
	EndGlobalSection
EndGlobal
